
Microsoft Visual Studio Solution File, Format Version 12.00
# Visual Studio Version 17
VisualStudioVersion = 17.0.31903.59
MinimumVisualStudioVersion = 10.0.40219.1
Project("{2150E333-8FDC-42A3-9474-1A3956D46DE8}") = "src", "src", "{827E0CD3-B72D-47B6-A68D-7590B98EB39B}"
EndProject
Project("{FAE04EC0-301F-11D3-BF4B-00C04F79EFBC}") = "DeviceMaster.Core", "src\DeviceMaster.Core\DeviceMaster.Core.csproj", "{94C56A80-A4C3-4D15-9D6E-65CB55C741C6}"
EndProject
Project("{FAE04EC0-301F-11D3-BF4B-00C04F79EFBC}") = "DeviceMaster.Sensors", "src\DeviceMaster.Sensors\DeviceMaster.Sensors.csproj", "{D445B603-5C1F-42F8-AF0D-CB5C1B07B80F}"
EndProject
Project("{FAE04EC0-301F-11D3-BF4B-00C04F79EFBC}") = "DeviceMaster.Devices.CorsairLink", "src\DeviceMaster.Devices.CorsairLink\DeviceMaster.Devices.CorsairLink.csproj", "{273A45A4-724C-4812-9EF2-3233C3D4963B}"
EndProject
Project("{FAE04EC0-301F-11D3-BF4B-00C04F79EFBC}") = "DeviceMaster.Devices.LianLi", "src\DeviceMaster.Devices.LianLi\DeviceMaster.Devices.LianLi.csproj", "{B0F6E9A9-410A-47BC-8CED-AAD9D7A27535}"
EndProject
Project("{FAE04EC0-301F-11D3-BF4B-00C04F79EFBC}") = "DeviceMaster.Devices.Turzx", "src\DeviceMaster.Devices.Turzx\DeviceMaster.Devices.Turzx.csproj", "{BF1C2E05-4BF6-4D36-B576-E31840D96010}"
EndProject
Project("{FAE04EC0-301F-11D3-BF4B-00C04F79EFBC}") = "DeviceMaster.App", "src\DeviceMaster.App\DeviceMaster.App.csproj", "{FECEE4B8-C73D-4B1F-9F98-277608DACC0A}"
EndProject
Project("{FAE04EC0-301F-11D3-BF4B-00C04F79EFBC}") = "DeviceMaster.Core.Tests", "tests\DeviceMaster.Core.Tests\DeviceMaster.Core.Tests.csproj", "{C5652D5D-93E0-4C84-9933-AC432FE95653}"
EndProject
Global
	GlobalSection(SolutionConfigurationPlatforms) = preSolution
		Debug|Any CPU = Debug|Any CPU
		Debug|x64 = Debug|x64
		Debug|x86 = Debug|x86
		Release|Any CPU = Release|Any CPU
		Release|x64 = Release|x64
		Release|x86 = Release|x86
	EndGlobalSection
	GlobalSection(ProjectConfigurationPlatforms) = postSolution
		{94C56A80-A4C3-4D15-9D6E-65CB55C741C6}.Debug|Any CPU.ActiveCfg = Debug|Any CPU
		{94C56A80-A4C3-4D15-9D6E-65CB55C741C6}.Debug|Any CPU.Build.0 = Debug|Any CPU
		{94C56A80-A4C3-4D15-9D6E-65CB55C741C6}.Debug|x64.ActiveCfg = Debug|Any CPU
		{94C56A80-A4C3-4D15-9D6E-65CB55C741C6}.Debug|x64.Build.0 = Debug|Any CPU
		{94C56A80-A4C3-4D15-9D6E-65CB55C741C6}.Debug|x86.ActiveCfg = Debug|Any CPU
		{94C56A80-A4C3-4D15-9D6E-65CB55C741C6}.Debug|x86.Build.0 = Debug|Any CPU
		{94C56A80-A4C3-4D15-9D6E-65CB55C741C6}.Release|Any CPU.ActiveCfg = Release|Any CPU
		{94C56A80-A4C3-4D15-9D6E-65CB55C741C6}.Release|Any CPU.Build.0 = Release|Any CPU
		{94C56A80-A4C3-4D15-9D6E-65CB55C741C6}.Release|x64.ActiveCfg = Release|Any CPU
		{94C56A80-A4C3-4D15-9D6E-65CB55C741C6}.Release|x64.Build.0 = Release|Any CPU
		{94C56A80-A4C3-4D15-9D6E-65CB55C741C6}.Release|x86.ActiveCfg = Release|Any CPU
		{94C56A80-A4C3-4D15-9D6E-65CB55C741C6}.Release|x86.Build.0 = Release|Any CPU
		{D445B603-5C1F-42F8-AF0D-CB5C1B07B80F}.Debug|Any CPU.ActiveCfg = Debug|Any CPU
		{D445B603-5C1F-42F8-AF0D-CB5C1B07B80F}.Debug|Any CPU.Build.0 = Debug|Any CPU
		{D445B603-5C1F-42F8-AF0D-CB5C1B07B80F}.Debug|x64.ActiveCfg = Debug|Any CPU
		{D445B603-5C1F-42F8-AF0D-CB5C1B07B80F}.Debug|x64.Build.0 = Debug|Any CPU
		{D445B603-5C1F-42F8-AF0D-CB5C1B07B80F}.Debug|x86.ActiveCfg = Debug|Any CPU
		{D445B603-5C1F-42F8-AF0D-CB5C1B07B80F}.Debug|x86.Build.0 = Debug|Any CPU
		{D445B603-5C1F-42F8-AF0D-CB5C1B07B80F}.Release|Any CPU.ActiveCfg = Release|Any CPU
		{D445B603-5C1F-42F8-AF0D-CB5C1B07B80F}.Release|Any CPU.Build.0 = Release|Any CPU
		{D445B603-5C1F-42F8-AF0D-CB5C1B07B80F}.Release|x64.ActiveCfg = Release|Any CPU
		{D445B603-5C1F-42F8-AF0D-CB5C1B07B80F}.Release|x64.Build.0 = Release|Any CPU
		{D445B603-5C1F-42F8-AF0D-CB5C1B07B80F}.Release|x86.ActiveCfg = Release|Any CPU
		{D445B603-5C1F-42F8-AF0D-CB5C1B07B80F}.Release|x86.Build.0 = Release|Any CPU
		{273A45A4-724C-4812-9EF2-3233C3D4963B}.Debug|Any CPU.ActiveCfg = Debug|Any CPU
		{273A45A4-724C-4812-9EF2-3233C3D4963B}.Debug|Any CPU.Build.0 = Debug|Any CPU
		{273A45A4-724C-4812-9EF2-3233C3D4963B}.Debug|x64.ActiveCfg = Debug|Any CPU
		{273A45A4-724C-4812-9EF2-3233C3D4963B}.Debug|x64.Build.0 = Debug|Any CPU
		{273A45A4-724C-4812-9EF2-3233C3D4963B}.Debug|x86.ActiveCfg = Debug|Any CPU
		{273A45A4-724C-4812-9EF2-3233C3D4963B}.Debug|x86.Build.0 = Debug|Any CPU
		{273A45A4-724C-4812-9EF2-3233C3D4963B}.Release|Any CPU.ActiveCfg = Release|Any CPU
		{273A45A4-724C-4812-9EF2-3233C3D4963B}.Release|Any CPU.Build.0 = Release|Any CPU
		{273A45A4-724C-4812-9EF2-3233C3D4963B}.Release|x64.ActiveCfg = Release|Any CPU
		{273A45A4-724C-4812-9EF2-3233C3D4963B}.Release|x64.Build.0 = Release|Any CPU
		{273A45A4-724C-4812-9EF2-3233C3D4963B}.Release|x86.ActiveCfg = Release|Any CPU
		{273A45A4-724C-4812-9EF2-3233C3D4963B}.Release|x86.Build.0 = Release|Any CPU
		{B0F6E9A9-410A-47BC-8CED-AAD9D7A27535}.Debug|Any CPU.ActiveCfg = Debug|Any CPU
		{B0F6E9A9-410A-47BC-8CED-AAD9D7A27535}.Debug|Any CPU.Build.0 = Debug|Any CPU
		{B0F6E9A9-410A-47BC-8CED-AAD9D7A27535}.Debug|x64.ActiveCfg = Debug|Any CPU
		{B0F6E9A9-410A-47BC-8CED-AAD9D7A27535}.Debug|x64.Build.0 = Debug|Any CPU
		{B0F6E9A9-410A-47BC-8CED-AAD9D7A27535}.Debug|x86.ActiveCfg = Debug|Any CPU
		{B0F6E9A9-410A-47BC-8CED-AAD9D7A27535}.Debug|x86.Build.0 = Debug|Any CPU
		{B0F6E9A9-410A-47BC-8CED-AAD9D7A27535}.Release|Any CPU.ActiveCfg = Release|Any CPU
		{B0F6E9A9-410A-47BC-8CED-AAD9D7A27535}.Release|Any CPU.Build.0 = Release|Any CPU
		{B0F6E9A9-410A-47BC-8CED-AAD9D7A27535}.Release|x64.ActiveCfg = Release|Any CPU
		{B0F6E9A9-410A-47BC-8CED-AAD9D7A27535}.Release|x64.Build.0 = Release|Any CPU
		{B0F6E9A9-410A-47BC-8CED-AAD9D7A27535}.Release|x86.ActiveCfg = Release|Any CPU
		{B0F6E9A9-410A-47BC-8CED-AAD9D7A27535}.Release|x86.Build.0 = Release|Any CPU
		{BF1C2E05-4BF6-4D36-B576-E31840D96010}.Debug|Any CPU.ActiveCfg = Debug|Any CPU
		{BF1C2E05-4BF6-4D36-B576-E31840D96010}.Debug|Any CPU.Build.0 = Debug|Any CPU
		{BF1C2E05-4BF6-4D36-B576-E31840D96010}.Debug|x64.ActiveCfg = Debug|Any CPU
		{BF1C2E05-4BF6-4D36-B576-E31840D96010}.Debug|x64.Build.0 = Debug|Any CPU
		{BF1C2E05-4BF6-4D36-B576-E31840D96010}.Debug|x86.ActiveCfg = Debug|Any CPU
		{BF1C2E05-4BF6-4D36-B576-E31840D96010}.Debug|x86.Build.0 = Debug|Any CPU
		{BF1C2E05-4BF6-4D36-B576-E31840D96010}.Release|Any CPU.ActiveCfg = Release|Any CPU
		{BF1C2E05-4BF6-4D36-B576-E31840D96010}.Release|Any CPU.Build.0 = Release|Any CPU
		{BF1C2E05-4BF6-4D36-B576-E31840D96010}.Release|x64.ActiveCfg = Release|Any CPU
		{BF1C2E05-4BF6-4D36-B576-E31840D96010}.Release|x64.Build.0 = Release|Any CPU
		{BF1C2E05-4BF6-4D36-B576-E31840D96010}.Release|x86.ActiveCfg = Release|Any CPU
		{BF1C2E05-4BF6-4D36-B576-E31840D96010}.Release|x86.Build.0 = Release|Any CPU
		{FECEE4B8-C73D-4B1F-9F98-277608DACC0A}.Debug|Any CPU.ActiveCfg = Debug|Any CPU
		{FECEE4B8-C73D-4B1F-9F98-277608DACC0A}.Debug|Any CPU.Build.0 = Debug|Any CPU
		{FECEE4B8-C73D-4B1F-9F98-277608DACC0A}.Debug|x64.ActiveCfg = Debug|Any CPU
		{FECEE4B8-C73D-4B1F-9F98-277608DACC0A}.Debug|x64.Build.0 = Debug|Any CPU
		{FECEE4B8-C73D-4B1F-9F98-277608DACC0A}.Debug|x86.ActiveCfg = Debug|Any CPU
		{FECEE4B8-C73D-4B1F-9F98-277608DACC0A}.Debug|x86.Build.0 = Debug|Any CPU
		{FECEE4B8-C73D-4B1F-9F98-277608DACC0A}.Release|Any CPU.ActiveCfg = Release|Any CPU
		{FECEE4B8-C73D-4B1F-9F98-277608DACC0A}.Release|Any CPU.Build.0 = Release|Any CPU
		{FECEE4B8-C73D-4B1F-9F98-277608DACC0A}.Release|x64.ActiveCfg = Release|Any CPU
		{FECEE4B8-C73D-4B1F-9F98-277608DACC0A}.Release|x64.Build.0 = Release|Any CPU
		{FECEE4B8-C73D-4B1F-9F98-277608DACC0A}.Release|x86.ActiveCfg = Release|Any CPU
		{FECEE4B8-C73D-4B1F-9F98-277608DACC0A}.Release|x86.Build.0 = Release|Any CPU
		{C5652D5D-93E0-4C84-9933-AC432FE95653}.Debug|Any CPU.ActiveCfg = Debug|Any CPU
		{C5652D5D-93E0-4C84-9933-AC432FE95653}.Debug|Any CPU.Build.0 = Debug|Any CPU
		{C5652D5D-93E0-4C84-9933-AC432FE95653}.Debug|x64.ActiveCfg = Debug|Any CPU
		{C5652D5D-93E0-4C84-9933-AC432FE95653}.Debug|x64.Build.0 = Debug|Any CPU
		{C5652D5D-93E0-4C84-9933-AC432FE95653}.Debug|x86.ActiveCfg = Debug|Any CPU
		{C5652D5D-93E0-4C84-9933-AC432FE95653}.Debug|x86.Build.0 = Debug|Any CPU
		{C5652D5D-93E0-4C84-9933-AC432FE95653}.Release|Any CPU.ActiveCfg = Release|Any CPU
		{C5652D5D-93E0-4C84-9933-AC432FE95653}.Release|Any CPU.Build.0 = Release|Any CPU
		{C5652D5D-93E0-4C84-9933-AC432FE95653}.Release|x64.ActiveCfg = Release|Any CPU
		{C5652D5D-93E0-4C84-9933-AC432FE95653}.Release|x64.Build.0 = Release|Any CPU
		{C5652D5D-93E0-4C84-9933-AC432FE95653}.Release|x86.ActiveCfg = Release|Any CPU
		{C5652D5D-93E0-4C84-9933-AC432FE95653}.Release|x86.Build.0 = Release|Any CPU
	EndGlobalSection
	GlobalSection(SolutionProperties) = preSolution
		HideSolutionNode = FALSE
	EndGlobalSection
	GlobalSection(NestedProjects) = preSolution
		{94C56A80-A4C3-4D15-9D6E-65CB55C741C6} = {827E0CD3-B72D-47B6-A68D-7590B98EB39B}
		{D445B603-5C1F-42F8-AF0D-CB5C1B07B80F} = {827E0CD3-B72D-47B6-A68D-7590B98EB39B}
		{273A45A4-724C-4812-9EF2-3233C3D4963B} = {827E0CD3-B72D-47B6-A68D-7590B98EB39B}
		{B0F6E9A9-410A-47BC-8CED-AAD9D7A27535} = {827E0CD3-B72D-47B6-A68D-7590B98EB39B}
		{BF1C2E05-4BF6-4D36-B576-E31840D96010} = {827E0CD3-B72D-47B6-A68D-7590B98EB39B}
		{FECEE4B8-C73D-4B1F-9F98-277608DACC0A} = {827E0CD3-B72D-47B6-A68D-7590B98EB39B}
		{C5652D5D-93E0-4C84-9933-AC432FE95653} = {827E0CD3-B72D-47B6-A68D-7590B98EB39B}
	EndGlobalSection
EndGlobal
